// !$*UTF8*$!
{
	archiveVersion = 1;
	classes = {
	};
	objectVersion = 77;
	objects = {

/* Begin PBXContainerItemProxy section */
		AAA017182E7DBB54004D2949 /* PBXContainerItemProxy */ = {
			isa = PBXContainerItemProxy;
			containerPortal = AAA017022E7DBB53004D2949 /* Project object */;
			proxyType = 1;
			remoteGlobalIDString = AAA017092E7DBB53004D2949;
			remoteInfo = "peer-bouncer";
		};
		AAA017222E7DBB54004D2949 /* PBXContainerItemProxy */ = {
			isa = PBXContainerItemProxy;
			containerPortal = AAA017022E7DBB53004D2949 /* Project object */;
			proxyType = 1;
			remoteGlobalIDString = AAA017092E7DBB53004D2949;
			remoteInfo = "peer-bouncer";
		};
/* End PBXContainerItemProxy section */

/* Begin PBXFileReference section */
		AAA0170A2E7DBB53004D2949 /* peer-bouncer.app */ = {isa = PBXFileReference; explicitFileType = wrapper.application; includeInIndex = 0; path = "peer-bouncer.app"; sourceTree = BUILT_PRODUCTS_DIR; };
		AAA017172E7DBB54004D2949 /* peer-bouncerTests.xctest */ = {isa = PBXFileReference; explicitFileType = wrapper.cfbundle; includeInIndex = 0; path = "peer-bouncerTests.xctest"; sourceTree = BUILT_PRODUCTS_DIR; };
		AAA017212E7DBB54004D2949 /* peer-bouncerUITests.xctest */ = {isa = PBXFileReference; explicitFileType = wrapper.cfbundle; includeInIndex = 0; path = "peer-bouncerUITests.xctest"; sourceTree = BUILT_PRODUCTS_DIR; };
/* End PBXFileReference section */

/* Begin PBXFileSystemSynchronizedRootGroup section */
		AAA0170C2E7DBB53004D2949 /* peer-bouncer */ = {
			isa = PBXFileSystemSynchronizedRootGroup;
			path = "peer-bouncer";
			sourceTree = "<group>";
		};
		AAA0171A2E7DBB54004D2949 /* peer-bouncerTests */ = {
			isa = PBXFileSystemSynchronizedRootGroup;
			path = "peer-bouncerTests";
			sourceTree = "<group>";
		};
		AAA017242E7DBB54004D2949 /* peer-bouncerUITests */ = {
			isa = PBXFileSystemSynchronizedRootGroup;
			path = "peer-bouncerUITests";
			sourceTree = "<group>";
		};
/* End PBXFileSystemSynchronizedRootGroup section */

/* Begin PBXFrameworksBuildPhase section */
		AAA017072E7DBB53004D2949 /* Frameworks */ = {
			isa = PBXFrameworksBuildPhase;
			buildActionMask = 2147483647;
			files = (
			);
			runOnlyForDeploymentPostprocessing = 0;
		};
		AAA017142E7DBB54004D2949 /* Frameworks */ = {
			isa = PBXFrameworksBuildPhase;
			buildActionMask = 2147483647;
			files = (
			);
			runOnlyForDeploymentPostprocessing = 0;
		};
		AAA0171E2E7DBB54004D2949 /* Frameworks */ = {
			isa = PBXFrameworksBuildPhase;
			buildActionMask = 2147483647;
			files = (
			);
			runOnlyForDeploymentPostprocessing = 0;
		};
/* End PBXFrameworksBuildPhase section */

/* Begin PBXGroup section */
		AAA017012E7DBB53004D2949 = {
			isa = PBXGroup;
			children = (
				AAA0170C2E7DBB53004D2949 /* peer-bouncer */,
				AAA0171A2E7DBB54004D2949 /* peer-bouncerTests */,
				AAA017242E7DBB54004D2949 /* peer-bouncerUITests */,
				AAA0170B2E7DBB53004D2949 /* Products */,
			);
			sourceTree = "<group>";
		};
		AAA0170B2E7DBB53004D2949 /* Products */ = {
			isa = PBXGroup;
			children = (
				AAA0170A2E7DBB53004D2949 /* peer-bouncer.app */,
				AAA017172E7DBB54004D2949 /* peer-bouncerTests.xctest */,
				AAA017212E7DBB54004D2949 /* peer-bouncerUITests.xctest */,
			);
			name = Products;
			sourceTree = "<group>";
		};
/* End PBXGroup section */

/* Begin PBXNativeTarget section */
		AAA017092E7DBB53004D2949 /* peer-bouncer */ = {
			isa = PBXNativeTarget;
			buildConfigurationList = AAA0172B2E7DBB54004D2949 /* Build configuration list for PBXNativeTarget "peer-bouncer" */;
			buildPhases = (
				AAA017062E7DBB53004D2949 /* Sources */,
				AAA017072E7DBB53004D2949 /* Frameworks */,
				AAA017082E7DBB53004D2949 /* Resources */,
			);
			buildRules = (
			);
			dependencies = (
			);
			fileSystemSynchronizedGroups = (
				AAA0170C2E7DBB53004D2949 /* peer-bouncer */,
			);
			name = "peer-bouncer";
			packageProductDependencies = (
			);
			productName = "peer-bouncer";
			productReference = AAA0170A2E7DBB53004D2949 /* peer-bouncer.app */;
			productType = "com.apple.product-type.application";
		};
		AAA017162E7DBB54004D2949 /* peer-bouncerTests */ = {
			isa = PBXNativeTarget;
			buildConfigurationList = AAA0172E2E7DBB54004D2949 /* Build configuration list for PBXNativeTarget "peer-bouncerTests" */;
			buildPhases = (
				AAA017132E7DBB54004D2949 /* Sources */,
				AAA017142E7DBB54004D2949 /* Frameworks */,
				AAA017152E7DBB54004D2949 /* Resources */,
			);
			buildRules = (
			);
			dependencies = (
				AAA017192E7DBB54004D2949 /* PBXTargetDependency */,
			);
			fileSystemSynchronizedGroups = (
				AAA0171A2E7DBB54004D2949 /* peer-bouncerTests */,
			);
			name = "peer-bouncerTests";
			packageProductDependencies = (
			);
			productName = "peer-bouncerTests";
			productReference = AAA017172E7DBB54004D2949 /* peer-bouncerTests.xctest */;
			productType = "com.apple.product-type.bundle.unit-test";
		};
		AAA017202E7DBB54004D2949 /* peer-bouncerUITests */ = {
			isa = PBXNativeTarget;
			buildConfigurationList = AAA017312E7DBB54004D2949 /* Build configuration list for PBXNativeTarget "peer-bouncerUITests" */;
			buildPhases = (
				AAA0171D2E7DBB54004D2949 /* Sources */,
				AAA0171E2E7DBB54004D2949 /* Frameworks */,
				AAA0171F2E7DBB54004D2949 /* Resources */,
			);
			buildRules = (
			);
			dependencies = (
				AAA017232E7DBB54004D2949 /* PBXTargetDependency */,
			);
			fileSystemSynchronizedGroups = (
				AAA017242E7DBB54004D2949 /* peer-bouncerUITests */,
			);
			name = "peer-bouncerUITests";
			packageProductDependencies = (
			);
			productName = "peer-bouncerUITests";
			productReference = AAA017212E7DBB54004D2949 /* peer-bouncerUITests.xctest */;
			productType = "com.apple.product-type.bundle.ui-testing";
		};
/* End PBXNativeTarget section */

/* Begin PBXProject section */
		AAA017022E7DBB53004D2949 /* Project object */ = {
			isa = PBXProject;
			attributes = {
				BuildIndependentTargetsInParallel = 1;
				LastSwiftUpdateCheck = 2600;
				LastUpgradeCheck = 2600;
				TargetAttributes = {
					AAA017092E7DBB53004D2949 = {
						CreatedOnToolsVersion = 26.0;
					};
					AAA017162E7DBB54004D2949 = {
						CreatedOnToolsVersion = 26.0;
						TestTargetID = AAA017092E7DBB53004D2949;
					};
					AAA017202E7DBB54004D2949 = {
						CreatedOnToolsVersion = 26.0;
						TestTargetID = AAA017092E7DBB53004D2949;
					};
				};
			};
			buildConfigurationList = AAA017052E7DBB53004D2949 /* Build configuration list for PBXProject "peer-bouncer" */;
			developmentRegion = en;
			hasScannedForEncodings = 0;
			knownRegions = (
				en,
				Base,
			);
			mainGroup = AAA017012E7DBB53004D2949;
			minimizedProjectReferenceProxies = 1;
			preferredProjectObjectVersion = 77;
			productRefGroup = AAA0170B2E7DBB53004D2949 /* Products */;
			projectDirPath = "";
			projectRoot = "";
			targets = (
				AAA017092E7DBB53004D2949 /* peer-bouncer */,
				AAA017162E7DBB54004D2949 /* peer-bouncerTests */,
				AAA017202E7DBB54004D2949 /* peer-bouncerUITests */,
			);
		};
/* End PBXProject section */

/* Begin PBXResourcesBuildPhase section */
		AAA017082E7DBB53004D2949 /* Resources */ = {
			isa = PBXResourcesBuildPhase;
			buildActionMask = 2147483647;
			files = (
			);
			runOnlyForDeploymentPostprocessing = 0;
		};
		AAA017152E7DBB54004D2949 /* Resources */ = {
			isa = PBXResourcesBuildPhase;
			buildActionMask = 2147483647;
			files = (
			);
			runOnlyForDeploymentPostprocessing = 0;
		};
		AAA0171F2E7DBB54004D2949 /* Resources */ = {
			isa = PBXResourcesBuildPhase;
			buildActionMask = 2147483647;
			files = (
			);
			runOnlyForDeploymentPostprocessing = 0;
		};
/* End PBXResourcesBuildPhase section */

/* Begin PBXSourcesBuildPhase section */
		AAA017062E7DBB53004D2949 /* Sources */ = {
			isa = PBXSourcesBuildPhase;
			buildActionMask = 2147483647;
			files = (
			);
			runOnlyForDeploymentPostprocessing = 0;
		};
		AAA017132E7DBB54004D2949 /* Sources */ = {
			isa = PBXSourcesBuildPhase;
			buildActionMask = 2147483647;
			files = (
			);
			runOnlyForDeploymentPostprocessing = 0;
		};
		AAA0171D2E7DBB54004D2949 /* Sources */ = {
			isa = PBXSourcesBuildPhase;
			buildActionMask = 2147483647;
			files = (
			);
			runOnlyForDeploymentPostprocessing = 0;
		};
/* End PBXSourcesBuildPhase section */

/* Begin PBXTargetDependency section */
		AAA017192E7DBB54004D2949 /* PBXTargetDependency */ = {
			isa = PBXTargetDependency;
			target = AAA017092E7DBB53004D2949 /* peer-bouncer */;
			targetProxy = AAA017182E7DBB54004D2949 /* PBXContainerItemProxy */;
		};
		AAA017232E7DBB54004D2949 /* PBXTargetDependency */ = {
			isa = PBXTargetDependency;
			target = AAA017092E7DBB53004D2949 /* peer-bouncer */;
			targetProxy = AAA017222E7DBB54004D2949 /* PBXContainerItemProxy */;
		};
/* End PBXTargetDependency section */

/* Begin XCBuildConfiguration section */
		AAA017292E7DBB54004D2949 /* Debug */ = {
			isa = XCBuildConfiguration;
			buildSettings = {
				ALWAYS_SEARCH_USER_PATHS = NO;
				ASSETCATALOG_COMPILER_GENERATE_SWIFT_ASSET_SYMBOL_EXTENSIONS = YES;
				CLANG_ANALYZER_NONNULL = YES;
				CLANG_ANALYZER_NUMBER_OBJECT_CONVERSION = YES_AGGRESSIVE;
				CLANG_CXX_LANGUAGE_STANDARD = "gnu++20";
				CLANG_ENABLE_MODULES = YES;
				CLANG_ENABLE_OBJC_ARC = YES;
				CLANG_ENABLE_OBJC_WEAK = YES;
				CLANG_WARN_BLOCK_CAPTURE_AUTORELEASING = YES;
				CLANG_WARN_BOOL_CONVERSION = YES;
				CLANG_WARN_COMMA = YES;
				CLANG_WARN_CONSTANT_CONVERSION = YES;
				CLANG_WARN_DEPRECATED_OBJC_IMPLEMENTATIONS = YES;
				CLANG_WARN_DIRECT_OBJC_ISA_USAGE = YES_ERROR;
				CLANG_WARN_DOCUMENTATION_COMMENTS = YES;
				CLANG_WARN_EMPTY_BODY = YES;
				CLANG_WARN_ENUM_CONVERSION = YES;
				CLANG_WARN_INFINITE_RECURSION = YES;
				CLANG_WARN_INT_CONVERSION = YES;
				CLANG_WARN_NON_LITERAL_NULL_CONVERSION = YES;
				CLANG_WARN_OBJC_IMPLICIT_RETAIN_SELF = YES;
				CLANG_WARN_OBJC_LITERAL_CONVERSION = YES;
				CLANG_WARN_OBJC_ROOT_CLASS = YES_ERROR;
				CLANG_WARN_QUOTED_INCLUDE_IN_FRAMEWORK_HEADER = YES;
				CLANG_WARN_RANGE_LOOP_ANALYSIS = YES;
				CLANG_WARN_STRICT_PROTOTYPES = YES;
				CLANG_WARN_SUSPICIOUS_MOVE = YES;
				CLANG_WARN_UNGUARDED_AVAILABILITY = YES_AGGRESSIVE;
				CLANG_WARN_UNREACHABLE_CODE = YES;
				CLANG_WARN__DUPLICATE_METHOD_MATCH = YES;
				COPY_PHASE_STRIP = NO;
				DEBUG_INFORMATION_FORMAT = dwarf;
				ENABLE_STRICT_OBJC_MSGSEND = YES;
				ENABLE_TESTABILITY = YES;
				ENABLE_USER_SCRIPT_SANDBOXING = YES;
				GCC_C_LANGUAGE_STANDARD = gnu17;
				GCC_DYNAMIC_NO_PIC = NO;
				GCC_NO_COMMON_BLOCKS = YES;
				GCC_OPTIMIZATION_LEVEL = 0;
				GCC_PREPROCESSOR_DEFINITIONS = (
					"DEBUG=1",
					"$(inherited)",
				);
				GCC_WARN_64_TO_32_BIT_CONVERSION = YES;
				GCC_WARN_ABOUT_RETURN_TYPE = YES_ERROR;
				GCC_WARN_UNDECLARED_SELECTOR = YES;
				GCC_WARN_UNINITIALIZED_AUTOS = YES_AGGRESSIVE;
				GCC_WARN_UNUSED_FUNCTION = YES;
				GCC_WARN_UNUSED_VARIABLE = YES;
				LOCALIZATION_PREFERS_STRING_CATALOGS = YES;
				MACOSX_DEPLOYMENT_TARGET = 15.7;
				MTL_ENABLE_DEBUG_INFO = INCLUDE_SOURCE;
				MTL_FAST_MATH = YES;
				ONLY_ACTIVE_ARCH = YES;
				SDKROOT = macosx;
				SWIFT_ACTIVE_COMPILATION_CONDITIONS = "DEBUG $(inherited)";
				SWIFT_OPTIMIZATION_LEVEL = "-Onone";
			};
			name = Debug;
		};
		AAA0172A2E7DBB54004D2949 /* Release */ = {
			isa = XCBuildConfiguration;
			buildSettings = {
				ALWAYS_SEARCH_USER_PATHS = NO;
				ASSETCATALOG_COMPILER_GENERATE_SWIFT_ASSET_SYMBOL_EXTENSIONS = YES;
				CLANG_ANALYZER_NONNULL = YES;
				CLANG_ANALYZER_NUMBER_OBJECT_CONVERSION = YES_AGGRESSIVE;
				CLANG_CXX_LANGUAGE_STANDARD = "gnu++20";
				CLANG_ENABLE_MODULES = YES;
				CLANG_ENABLE_OBJC_ARC = YES;
				CLANG_ENABLE_OBJC_WEAK = YES;
				CLANG_WARN_BLOCK_CAPTURE_AUTORELEASING = YES;
				CLANG_WARN_BOOL_CONVERSION = YES;
				CLANG_WARN_COMMA = YES;
				CLANG_WARN_CONSTANT_CONVERSION = YES;
				CLANG_WARN_DEPRECATED_OBJC_IMPLEMENTATIONS = YES;
				CLANG_WARN_DIRECT_OBJC_ISA_USAGE = YES_ERROR;
				CLANG_WARN_DOCUMENTATION_COMMENTS = YES;
				CLANG_WARN_EMPTY_BODY = YES;
				CLANG_WARN_ENUM_CONVERSION = YES;
				CLANG_WARN_INFINITE_RECURSION = YES;
				CLANG_WARN_INT_CONVERSION = YES;
				CLANG_WARN_NON_LITERAL_NULL_CONVERSION = YES;
				CLANG_WARN_OBJC_IMPLICIT_RETAIN_SELF = YES;
				CLANG_WARN_OBJC_LITERAL_CONVERSION = YES;
				CLANG_WARN_OBJC_ROOT_CLASS = YES_ERROR;
				CLANG_WARN_QUOTED_INCLUDE_IN_FRAMEWORK_HEADER = YES;
				CLANG_WARN_RANGE_LOOP_ANALYSIS = YES;
				CLANG_WARN_STRICT_PROTOTYPES = YES;
				CLANG_WARN_SUSPICIOUS_MOVE = YES;
				CLANG_WARN_UNGUARDED_AVAILABILITY = YES_AGGRESSIVE;
				CLANG_WARN_UNREACHABLE_CODE = YES;
				CLANG_WARN__DUPLICATE_METHOD_MATCH = YES;
				COPY_PHASE_STRIP = NO;
				DEBUG_INFORMATION_FORMAT = "dwarf-with-dsym";
				ENABLE_NS_ASSERTIONS = NO;
				ENABLE_STRICT_OBJC_MSGSEND = YES;
				ENABLE_USER_SCRIPT_SANDBOXING = YES;
				GCC_C_LANGUAGE_STANDARD = gnu17;
				GCC_NO_COMMON_BLOCKS = YES;
				GCC_WARN_64_TO_32_BIT_CONVERSION = YES;
				GCC_WARN_ABOUT_RETURN_TYPE = YES_ERROR;
				GCC_WARN_UNDECLARED_SELECTOR = YES;
				GCC_WARN_UNINITIALIZED_AUTOS = YES_AGGRESSIVE;
				GCC_WARN_UNUSED_FUNCTION = YES;
				GCC_WARN_UNUSED_VARIABLE = YES;
				LOCALIZATION_PREFERS_STRING_CATALOGS = YES;
				MACOSX_DEPLOYMENT_TARGET = 15.7;
				MTL_ENABLE_DEBUG_INFO = NO;
				MTL_FAST_MATH = YES;
				SDKROOT = macosx;
				SWIFT_COMPILATION_MODE = wholemodule;
			};
			name = Release;
		};
		AAA0172C2E7DBB54004D2949 /* Debug */ = {
			isa = XCBuildConfiguration;
			buildSettings = {
				ASSETCATALOG_COMPILER_APPICON_NAME = AppIcon;
				ASSETCATALOG_COMPILER_GLOBAL_ACCENT_COLOR_NAME = AccentColor;
				CODE_SIGN_STYLE = Automatic;
				COMBINE_HIDPI_IMAGES = YES;
				CURRENT_PROJECT_VERSION = 1;
				ENABLE_APP_SANDBOX = YES;
				ENABLE_PREVIEWS = YES;
				ENABLE_USER_SELECTED_FILES = readonly;
				GENERATE_INFOPLIST_FILE = YES;
				INFOPLIST_KEY_NSHumanReadableCopyright = "";
				LD_RUNPATH_SEARCH_PATHS = (
					"$(inherited)",
					"@executable_path/../Frameworks",
				);
				MARKETING_VERSION = 1.0;
				PRODUCT_BUNDLE_IDENTIFIER = "cli-sharp.peer-bouncer";
				PRODUCT_NAME = "$(TARGET_NAME)";
				REGISTER_APP_GROUPS = YES;
				STRING_CATALOG_GENERATE_SYMBOLS = YES;
				SWIFT_APPROACHABLE_CONCURRENCY = YES;
				SWIFT_DEFAULT_ACTOR_ISOLATION = MainActor;
				SWIFT_EMIT_LOC_STRINGS = YES;
				SWIFT_UPCOMING_FEATURE_MEMBER_IMPORT_VISIBILITY = YES;
				SWIFT_VERSION = 5.0;
			};
			name = Debug;
		};
		AAA0172D2E7DBB54004D2949 /* Release */ = {
			isa = XCBuildConfiguration;
			buildSettings = {
				ASSETCATALOG_COMPILER_APPICON_NAME = AppIcon;
				ASSETCATALOG_COMPILER_GLOBAL_ACCENT_COLOR_NAME = AccentColor;
				CODE_SIGN_STYLE = Automatic;
				COMBINE_HIDPI_IMAGES = YES;
				CURRENT_PROJECT_VERSION = 1;
				ENABLE_APP_SANDBOX = YES;
				ENABLE_PREVIEWS = YES;
				ENABLE_USER_SELECTED_FILES = readonly;
				GENERATE_INFOPLIST_FILE = YES;
				INFOPLIST_KEY_NSHumanReadableCopyright = "";
				LD_RUNPATH_SEARCH_PATHS = (
					"$(inherited)",
					"@executable_path/../Frameworks",
				);
				MARKETING_VERSION = 1.0;
				PRODUCT_BUNDLE_IDENTIFIER = "cli-sharp.peer-bouncer";
				PRODUCT_NAME = "$(TARGET_NAME)";
				REGISTER_APP_GROUPS = YES;
				STRING_CATALOG_GENERATE_SYMBOLS = YES;
				SWIFT_APPROACHABLE_CONCURRENCY = YES;
				SWIFT_DEFAULT_ACTOR_ISOLATION = MainActor;
				SWIFT_EMIT_LOC_STRINGS = YES;
				SWIFT_UPCOMING_FEATURE_MEMBER_IMPORT_VISIBILITY = YES;
				SWIFT_VERSION = 5.0;
			};
			name = Release;
		};
		AAA0172F2E7DBB54004D2949 /* Debug */ = {
			isa = XCBuildConfiguration;
			buildSettings = {
				BUNDLE_LOADER = "$(TEST_HOST)";
				CODE_SIGN_STYLE = Automatic;
				CURRENT_PROJECT_VERSION = 1;
				GENERATE_INFOPLIST_FILE = YES;
				MACOSX_DEPLOYMENT_TARGET = 15.7;
				MARKETING_VERSION = 1.0;
				PRODUCT_BUNDLE_IDENTIFIER = "cli-sharp.peer-bouncerTests";
				PRODUCT_NAME = "$(TARGET_NAME)";
				STRING_CATALOG_GENERATE_SYMBOLS = NO;
				SWIFT_APPROACHABLE_CONCURRENCY = YES;
				SWIFT_EMIT_LOC_STRINGS = NO;
				SWIFT_UPCOMING_FEATURE_MEMBER_IMPORT_VISIBILITY = YES;
				SWIFT_VERSION = 5.0;
				TEST_HOST = "$(BUILT_PRODUCTS_DIR)/peer-bouncer.app/$(BUNDLE_EXECUTABLE_FOLDER_PATH)/peer-bouncer";
			};
			name = Debug;
		};
		AAA017302E7DBB54004D2949 /* Release */ = {
			isa = XCBuildConfiguration;
			buildSettings = {
				BUNDLE_LOADER = "$(TEST_HOST)";
				CODE_SIGN_STYLE = Automatic;
				CURRENT_PROJECT_VERSION = 1;
				GENERATE_INFOPLIST_FILE = YES;
				MACOSX_DEPLOYMENT_TARGET = 15.7;
				MARKETING_VERSION = 1.0;
				PRODUCT_BUNDLE_IDENTIFIER = "cli-sharp.peer-bouncerTests";
				PRODUCT_NAME = "$(TARGET_NAME)";
				STRING_CATALOG_GENERATE_SYMBOLS = NO;
				SWIFT_APPROACHABLE_CONCURRENCY = YES;
				SWIFT_EMIT_LOC_STRINGS = NO;
				SWIFT_UPCOMING_FEATURE_MEMBER_IMPORT_VISIBILITY = YES;
				SWIFT_VERSION = 5.0;
				TEST_HOST = "$(BUILT_PRODUCTS_DIR)/peer-bouncer.app/$(BUNDLE_EXECUTABLE_FOLDER_PATH)/peer-bouncer";
			};
			name = Release;
		};
		AAA017322E7DBB54004D2949 /* Debug */ = {
			isa = XCBuildConfiguration;
			buildSettings = {
				CODE_SIGN_STYLE = Automatic;
				CURRENT_PROJECT_VERSION = 1;
				GENERATE_INFOPLIST_FILE = YES;
				MARKETING_VERSION = 1.0;
				PRODUCT_BUNDLE_IDENTIFIER = "cli-sharp.peer-bouncerUITests";
				PRODUCT_NAME = "$(TARGET_NAME)";
				STRING_CATALOG_GENERATE_SYMBOLS = NO;
				SWIFT_APPROACHABLE_CONCURRENCY = YES;
				SWIFT_EMIT_LOC_STRINGS = NO;
				SWIFT_UPCOMING_FEATURE_MEMBER_IMPORT_VISIBILITY = YES;
				SWIFT_VERSION = 5.0;
				TEST_TARGET_NAME = "peer-bouncer";
			};
			name = Debug;
		};
		AAA017332E7DBB54004D2949 /* Release */ = {
			isa = XCBuildConfiguration;
			buildSettings = {
				CODE_SIGN_STYLE = Automatic;
				CURRENT_PROJECT_VERSION = 1;
				GENERATE_INFOPLIST_FILE = YES;
				MARKETING_VERSION = 1.0;
				PRODUCT_BUNDLE_IDENTIFIER = "cli-sharp.peer-bouncerUITests";
				PRODUCT_NAME = "$(TARGET_NAME)";
				STRING_CATALOG_GENERATE_SYMBOLS = NO;
				SWIFT_APPROACHABLE_CONCURRENCY = YES;
				SWIFT_EMIT_LOC_STRINGS = NO;
				SWIFT_UPCOMING_FEATURE_MEMBER_IMPORT_VISIBILITY = YES;
				SWIFT_VERSION = 5.0;
				TEST_TARGET_NAME = "peer-bouncer";
			};
			name = Release;
		};
/* End XCBuildConfiguration section */

/* Begin XCConfigurationList section */
		AAA017052E7DBB53004D2949 /* Build configuration list for PBXProject "peer-bouncer" */ = {
			isa = XCConfigurationList;
			buildConfigurations = (
				AAA017292E7DBB54004D2949 /* Debug */,
				AAA0172A2E7DBB54004D2949 /* Release */,
			);
			defaultConfigurationIsVisible = 0;
			defaultConfigurationName = Release;
		};
		AAA0172B2E7DBB54004D2949 /* Build configuration list for PBXNativeTarget "peer-bouncer" */ = {
			isa = XCConfigurationList;
			buildConfigurations = (
				AAA0172C2E7DBB54004D2949 /* Debug */,
				AAA0172D2E7DBB54004D2949 /* Release */,
			);
			defaultConfigurationIsVisible = 0;
			defaultConfigurationName = Release;
		};
		AAA0172E2E7DBB54004D2949 /* Build configuration list for PBXNativeTarget "peer-bouncerTests" */ = {
			isa = XCConfigurationList;
			buildConfigurations = (
				AAA0172F2E7DBB54004D2949 /* Debug */,
				AAA017302E7DBB54004D2949 /* Release */,
			);
			defaultConfigurationIsVisible = 0;
			defaultConfigurationName = Release;
		};
		AAA017312E7DBB54004D2949 /* Build configuration list for PBXNativeTarget "peer-bouncerUITests" */ = {
			isa = XCConfigurationList;
			buildConfigurations = (
				AAA017322E7DBB54004D2949 /* Debug */,
				AAA017332E7DBB54004D2949 /* Release */,
			);
			defaultConfigurationIsVisible = 0;
			defaultConfigurationName = Release;
		};
/* End XCConfigurationList section */
	};
	rootObject = AAA017022E7DBB53004D2949 /* Project object */;
}
